# THIS IS AN AUTOGENERATED FILE. DO NOT EDIT THIS FILE DIRECTLY.
# yarn lockfile v1


bell@^8.0.1:
  version "8.6.0"
  resolved "https://registry.yarnpkg.com/bell/-/bell-8.6.0.tgz#a9e69dc1b6f863dc0d1c322dcebaf85e8f912727"
  dependencies:
    boom "4.2.x"
    cryptiles "3.x.x"
    hoek "4.x.x"
    joi "10.x.x"
    wreck "10.x.x"

boom@3.x.x:
  version "3.2.2"
  resolved "https://registry.yarnpkg.com/boom/-/boom-3.2.2.tgz#0f0cc5d04adc5003b8c7d71f42cca7271fef0e78"
  dependencies:
    hoek "4.x.x"

boom@4.2.x, boom@4.x.x, "boom@>=2.8 <5", boom@^4.1.0:
  version "4.2.0"
  resolved "https://registry.yarnpkg.com/boom/-/boom-4.2.0.tgz#c1a74174b11fbba223f6162d4fd8851a1b82a536"
  dependencies:
    hoek "4.x.x"

cryptiles@3.x.x:
  version "3.1.1"
  resolved "https://registry.yarnpkg.com/cryptiles/-/cryptiles-3.1.1.tgz#86a9203f7367a0e9324bc7555ff0fcf5f81979ee"
  dependencies:
    boom "4.x.x"

hapi-auth-bearer-token@^4.1.1:
  version "4.3.1"
  resolved "https://registry.yarnpkg.com/hapi-auth-bearer-token/-/hapi-auth-bearer-token-4.3.1.tgz#2c3bfaae92c7a6d5dbc5bcb81575eeebdbd87e05"
  dependencies:
    boom "^4.1.0"
    hoek "^4.1.0"
    joi "^9.1.0"

hapi-auth-cookie@^7.0.0:
  version "7.0.0"
  resolved "https://registry.yarnpkg.com/hapi-auth-cookie/-/hapi-auth-cookie-7.0.0.tgz#1bb9130d85ab0efe02f7df518e864867616a49a4"
  dependencies:
    boom "3.x.x"
    hoek "4.x.x"
    joi "8.x.x"

hapi-server-session@^3.0.0:
  version "3.0.1"
  resolved "https://registry.yarnpkg.com/hapi-server-session/-/hapi-server-session-3.0.1.tgz#ce47b46b166bf1f8b838bf8fab26ef305f49c31a"
  dependencies:
    boom ">=2.8 <5"
    hoek ">=2.14 <5"
    when "^3.7.3"

hoek@4.x.x, "hoek@>=2.14 <5", hoek@^4.1.0:
  version "4.1.1"
  resolved "https://registry.yarnpkg.com/hoek/-/hoek-4.1.1.tgz#9cc573ffba2b7b408fb5e9c2a13796be94cddce9"

isemail@2.x.x:
  version "2.2.1"
  resolved "https://registry.yarnpkg.com/isemail/-/isemail-2.2.1.tgz#0353d3d9a62951080c262c2aa0a42b8ea8e9e2a6"

items@2.x.x:
  version "2.1.1"
  resolved "https://registry.yarnpkg.com/items/-/items-2.1.1.tgz#8bd16d9c83b19529de5aea321acaada78364a198"

joi@10.x.x:
  version "10.4.1"
  resolved "https://registry.yarnpkg.com/joi/-/joi-10.4.1.tgz#a2fca1f0d603d1b843f2c1e086b52461f6be1f36"
  dependencies:
    hoek "4.x.x"
    isemail "2.x.x"
    items "2.x.x"
    topo "2.x.x"

joi@8.x.x:
  version "8.4.2"
  resolved "https://registry.yarnpkg.com/joi/-/joi-8.4.2.tgz#bd7774658fe99058d8994ed1d4b9962484ebb859"
  dependencies:
    hoek "4.x.x"
    isemail "2.x.x"
    moment "2.x.x"
    topo "2.x.x"

joi@^9.1.0:
  version "9.2.0"
  resolved "https://registry.yarnpkg.com/joi/-/joi-9.2.0.tgz#3385ac790192130cbe230e802ec02c9215bbfeda"
  dependencies:
    hoek "4.x.x"
    isemail "2.x.x"
    items "2.x.x"
    moment "2.x.x"
    topo "2.x.x"

moment@2.x.x:
  version "2.18.1"
  resolved "https://registry.yarnpkg.com/moment/-/moment-2.18.1.tgz#c36193dd3ce1c2eed2adb7c802dbbc77a81b1c0f"

topo@2.x.x:
  version "2.0.2"
  resolved "https://registry.yarnpkg.com/topo/-/topo-2.0.2.tgz#cd5615752539057c0dc0491a621c3bc6fbe1d182"
  dependencies:
    hoek "4.x.x"

when@^3.7.3:
  version "3.7.8"
  resolved "https://registry.yarnpkg.com/when/-/when-3.7.8.tgz#c7130b6a7ea04693e842cdc9e7a1f2aa39a39f82"

wreck@10.x.x:
  version "10.0.0"
  resolved "https://registry.yarnpkg.com/wreck/-/wreck-10.0.0.tgz#98ab882f85e16a526332507f101f5a7841162278"
  dependencies:
    boom "4.x.x"
    hoek "4.x.x"
