# THIS IS AN AUTOGENERATED FILE. DO NOT EDIT THIS FILE DIRECTLY.
# yarn lockfile v1


buffer-crc32@~0.2.3:
  version "0.2.13"
  resolved "https://registry.yarnpkg.com/buffer-crc32/-/buffer-crc32-0.2.13.tgz#0d333e3f00eac50aa1454abd30ef8c2a5d9a7242"

fd-slicer@~1.0.1:
  version "1.0.1"
  resolved "https://registry.yarnpkg.com/fd-slicer/-/fd-slicer-1.0.1.tgz#8b5bcbd9ec327c5041bf9ab023fd6750f1177e65"
  dependencies:
    pend "~1.2.0"

file-type@^3.9.0:
  version "3.9.0"
  resolved "https://registry.yarnpkg.com/file-type/-/file-type-3.9.0.tgz#257a078384d1db8087bc449d107d52a52672b9e9"

pend@~1.2.0:
  version "1.2.0"
  resolved "https://registry.yarnpkg.com/pend/-/pend-1.2.0.tgz#7a57eb550a6783f9115331fcf4663d5c8e007a50"

yauzl@^2.7.0:
  version "2.7.0"
  resolved "https://registry.yarnpkg.com/yauzl/-/yauzl-2.7.0.tgz#e21d847868b496fc29eaec23ee87fdd33e9b2bce"
  dependencies:
    buffer-crc32 "~0.2.3"
    fd-slicer "~1.0.1"

yazl@^2.4.1:
  version "2.4.2"
  resolved "https://registry.yarnpkg.com/yazl/-/yazl-2.4.2.tgz#14cb19083e1e25a70092c1588aabe0f4e4dd4d88"
  dependencies:
    buffer-crc32 "~0.2.3"
