# THIS IS AN AUTOGENERATED FILE. DO NOT EDIT THIS FILE DIRECTLY.
# yarn lockfile v1


"@walmart/electrode-fetch@^6.10.1":
  version "6.10.1"
  resolved "https://npme.walmart.com/@walmart/electrode-fetch/-/electrode-fetch-6.10.1.tgz#8092f9fd852bdd95f4dc12dfb7c55be4ff7fa68f"
  integrity sha512-+GjuVrjISsVNa7Z3aAmg3YCB63MmZNGNSlT5E0RvY2jy6T6mJi3YMVcjg3r+9bqzRhYfNqOnfcXfFMszQqqvGg==
  dependencies:
    "@walmart/electrode-fyi" "^1.4.1"
    "@walmart/electrode-metrics" "^1.17.0"
    bluebird "^2"
    electrode-hapi-compat "^1.3.2"
    electrode-keepalive "^0.3.3"
    node-fetch "^2.6.0"
    uuid "^2.0.1"
    whatwg-fetch "^0.11.1"

"@walmart/electrode-fyi@^1.2.1", "@walmart/electrode-fyi@^1.3.0", "@walmart/electrode-fyi@^1.4.1":
  version "1.4.1"
  resolved "https://npme.walmart.com/@walmart/electrode-fyi/-/electrode-fyi-1.4.1.tgz#c35da56c4dc629a4eda3ef914c83383ba2b853ec"
  integrity sha512-cIpBhyTAfN7rH9RJ/6VVZubXQFbGV01VpbOTfDg9cr6lpWnvejGbT6QvdaaUAs+q5A/wrFSw1WYdVjq09lPdwA==
  dependencies:
    chalk "^2.4.2"
    is-docker "^2.0.0"

"@walmart/electrode-metrics@^1.11.1", "@walmart/electrode-metrics@^1.17.0":
  version "1.17.0"
  resolved "https://npme.walmart.com/@walmart/electrode-metrics/-/electrode-metrics-1.17.0.tgz#81e5af2390bd54e0125dd02a58cc535bb706c46e"
  integrity sha512-RD6XpsK1jWHyjtAVbETCQmbJVdJKAavK5P0ZZ1Xfw6DMm+GxSj2P6GNfFkNT6ADXvdzYNQGeWIM20upqxVlrew==
  dependencies:
    "@walmart/electrode-npm-singleton" "^1.3.1"
    "@walmart/electrode-wml-soa" "^1.0.0"
    electrode-hapi-compat "^1.3.2"
    lodash "^4.0.0"
    pm2-axon "^3.3.0"

"@walmart/electrode-npm-singleton@^1.3.1":
  version "1.3.1"
  resolved "https://npme.walmart.com/@walmart/electrode-npm-singleton/-/electrode-npm-singleton-1.3.1.tgz#f60d6c29a56eb112254f31a03dde7b174ae2846e"
  integrity sha512-Z8U5ASB5nTDsdevr/hAkvltylV2NobOAgP0hTbh03y1HygNWQf+zQDEQGlT8axRn/pIYxW5jdmfI3GG8sBmE+w==
  dependencies:
    "@walmart/electrode-fyi" "^1.3.0"

"@walmart/electrode-swapi@^2.5.4":
  version "2.8.0"
  resolved "https://npme.walmart.com/@walmart/electrode-swapi/-/electrode-swapi-2.8.0.tgz#4fe24937b662dfbb0e757bd336a569b7818283e7"
  integrity sha512-FT3UJl2cxVsyYqbiD8MyUsXxajcFPHRZHuBIc7dwsU2lQIut+ZEEyYhSP9rSQWXKeWLON4QOhFu1HmdU2DCLTA==
  dependencies:
    "@walmart/electrode-fyi" "^1.2.1"
    "@walmart/electrode-metrics" "^1.11.1"
    "@walmart/electrode-wml-soa" "^1.0.0"
    "@walmart/s2s-auth-signature" "^1.0.0"
    "@walmart/swagger-client" "^2.2.0"
    "@walmart/try-catch" "^1.0.0"
    "@walmart/wl-soa-esb-bug-patch" "^1.4.1"
    bluebird "^2.10.2"
    electrode-keepalive "^0.3.3"
    js-yaml "^3.4.6"
    lodash "^4.13.1"
    optional-require "^1.0.0"
    swagger-model-validator "2.2.1"

"@walmart/electrode-wml-soa@^1.0.0":
  version "1.1.1"
  resolved "https://npme.walmart.com/@walmart/electrode-wml-soa/-/electrode-wml-soa-1.1.1.tgz#071ed10773886f91993e8c8cec5db319b25934ee"
  integrity sha512-4DSwm5rMHUKEvpznqyDoQ95IQz2QSPGUpL6LFi//w8ZJ3zr7yNyf4WWP1sDG9qgdlz2kzNSDkvA+kh2LYC1SLQ==
  dependencies:
    "@walmart/s2s-auth-signature" "^1.0.0"
    "@walmart/wl-soa-esb-bug-patch" "^1.4.1"

"@walmart/s2s-auth-signature@^1.0.0":
  version "1.0.0"
  resolved "https://npme.walmart.com/@walmart/s2s-auth-signature/-/s2s-auth-signature-1.0.0.tgz#dc777c6f92f3ca5b7fec4bf4343d110bd4e43928"
  integrity sha1-3Hd8b5Lzylt/7Ev0ND0RC9TkOSg=

"@walmart/swagger-client@^2.2.0":
  version "2.4.0"
  resolved "https://npme.walmart.com/@walmart/swagger-client/-/swagger-client-2.4.0.tgz#42b15e7116a01b32d778212b2b35b8d099c6ec4b"
  integrity sha512-TfRM+5I/Q3R9q/NRC+WQuDm+z0ZtzHAmyORyfuUWmlfKNKfO6g3GD2d5jOFzYY+y/bH70W82RI2x+q0zAdViuA==
  dependencies:
    btoa "^1.1.2"
    cookiejar "^2.0.1"
    js-yaml "^3.3.0"
    lodash-compat "^3.5.0"
    superagent "^3.3.2"
    superagent-proxy "^1.0.2"

"@walmart/try-catch@^1.0.0":
  version "1.0.0"
  resolved "https://npme.walmart.com/@walmart/try-catch/-/try-catch-1.0.0.tgz#a8941c4849d8366679a2721e498014417d714a54"
  integrity sha1-qJQcSEnYNmZ5onIeSYAUQX1xSlQ=

"@walmart/wl-soa-esb-bug-patch@^1.4.1":
  version "1.5.0"
  resolved "https://npme.walmart.com/@walmart/wl-soa-esb-bug-patch/-/wl-soa-esb-bug-patch-1.5.0.tgz#f71634eca219c32787e3cd121863f6caddc7974f"
  integrity sha512-G9fWF5sVd7wDNvOy2pYIRHlqV8dA4fzbGuAd2XHe+gvLMBPFrBqObIxKvSKAd2E69a6AcYKAuNHr9h2gMuPuNg==
  dependencies:
    electrode-hapi-compat "^1.0.0"

agent-base@4, agent-base@^4.1.0, agent-base@^4.2.0, agent-base@^4.3.0:
  version "4.3.0"
  resolved "https://npme.walmart.com/agent-base/-/agent-base-4.3.0.tgz#8165f01c436009bccad0b1d122f05ed770efc6ee"
  integrity sha512-salcGninV0nPrwpGNn4VTXBb1SOuXQBiqbrNXoeizJsHrsL6ERFM2Ne3JUSBWRE6aeNJI2ROP/WEEIDUiDe3cg==
  dependencies:
    es6-promisify "^5.0.0"

amp-message@~0.1.1:
  version "0.1.2"
  resolved "https://npme.walmart.com/amp-message/-/amp-message-0.1.2.tgz#a78f1c98995087ad36192a41298e4db49e3dfc45"
  integrity sha1-p48cmJlQh602GSpBKY5NtJ49/EU=
  dependencies:
    amp "0.3.1"

amp@0.3.1, amp@~0.3.1:
  version "0.3.1"
  resolved "https://npme.walmart.com/amp/-/amp-0.3.1.tgz#6adf8d58a74f361e82c1fa8d389c079e139fc47d"
  integrity sha1-at+NWKdPNh6CwfqNOJwHnhOfxH0=

ansi-styles@^3.2.1:
  version "3.2.1"
  resolved "https://npme.walmart.com/ansi-styles/-/ansi-styles-3.2.1.tgz#41fbb20243e50b12be0f04b8dedbf07520ce841d"
  integrity sha512-VT0ZI6kZRdTh8YyJw3SMbYm/u+NqfsAxEpWO0Pf9sq8/e94WxxOpPKx9FR1FlyCtOVDNOQ+8ntlqFxiRc+r5qA==
  dependencies:
    color-convert "^1.9.0"

argparse@^1.0.7:
  version "1.0.10"
  resolved "https://npme.walmart.com/argparse/-/argparse-1.0.10.tgz#bcd6791ea5ae09725e17e5ad988134cd40b3d911"
  integrity sha512-o5Roy6tNG4SL/FOkCAN6RzjiakZS25RLYFrcMttJqbdd8BWrnA+fGz57iN5Pb06pvBGvl5gQ0B48dJlslXvoTg==
  dependencies:
    sprintf-js "~1.0.2"

ast-types@0.x.x:
  version "0.13.3"
  resolved "https://npme.walmart.com/ast-types/-/ast-types-0.13.3.tgz#50da3f28d17bdbc7969a3a2d83a0e4a72ae755a7"
  integrity sha512-XTZ7xGML849LkQP86sWdQzfhwbt3YwIO6MqbX9mUNYY98VKaaVZP7YNNm70IpwecbkkxmfC5IYAzOQ/2p29zRA==

asynckit@^0.4.0:
  version "0.4.0"
  resolved "https://npme.walmart.com/asynckit/-/asynckit-0.4.0.tgz#c79ed97f7f34cb8f2ba1bc9790bcc366474b4b79"
  integrity sha1-x57Zf380y48robyXkLzDZkdLS3k=

bluebird@^2, bluebird@^2.10.2:
  version "2.11.0"
  resolved "https://npme.walmart.com/bluebird/-/bluebird-2.11.0.tgz#534b9033c022c9579c56ba3b3e5a5caafbb650e1"
  integrity sha1-U0uQM8AiyVecVro7Plpcqvu2UOE=

btoa@^1.1.2:
  version "1.2.1"
  resolved "https://npme.walmart.com/btoa/-/btoa-1.2.1.tgz#01a9909f8b2c93f6bf680ba26131eb30f7fa3d73"
  integrity sha512-SB4/MIGlsiVkMcHmT+pSmIPoNDoHg+7cMzmt3Uxt628MTz2487DKSqK/fuhFBrkuqrYv5UCEnACpF4dTFNKc/g==

bytes@3.1.0:
  version "3.1.0"
  resolved "https://npme.walmart.com/bytes/-/bytes-3.1.0.tgz#f6cf7933a360e0588fa9fde85651cdc7f805d1f6"
  integrity sha512-zauLjrfCG+xvoyaqLoV8bLVXXNGC4JqlxFCutSDWA6fJrTo2ZuvLYTqZ7aHBLZSMOopbzwv8f+wZcVzfVTI2Dg==

chalk@^2.4.2:
  version "2.4.2"
  resolved "https://npme.walmart.com/chalk/-/chalk-2.4.2.tgz#cd42541677a54333cf541a49108c1432b44c9424"
  integrity sha512-Mti+f9lpJNcwF4tWV8/OrTTtF1gZi+f8FqlyAdouralcFWFQWF2+NgCHShjkCb+IFBLq9buZwE1xckQU4peSuQ==
  dependencies:
    ansi-styles "^3.2.1"
    escape-string-regexp "^1.0.5"
    supports-color "^5.3.0"

co@^4.6.0:
  version "4.6.0"
  resolved "https://npme.walmart.com/co/-/co-4.6.0.tgz#6ea6bdf3d853ae54ccb8e47bfa0bf3f9031fb184"
  integrity sha1-bqa989hTrlTMuOR7+gvz+QMfsYQ=

color-convert@^1.9.0:
  version "1.9.3"
  resolved "https://npme.walmart.com/color-convert/-/color-convert-1.9.3.tgz#bb71850690e1f136567de629d2d5471deda4c1e8"
  integrity sha512-QfAUtd+vFdAtFQcC8CCyYt1fYWxSqAiK2cSD6zDB8N3cpsEBAvRxp9zOGg6G/SHHJYAT88/az/IuDGALsNVbGg==
  dependencies:
    color-name "1.1.3"

color-name@1.1.3:
  version "1.1.3"
  resolved "https://npme.walmart.com/color-name/-/color-name-1.1.3.tgz#a7d0558bd89c42f795dd42328f740831ca53bc25"
  integrity sha1-p9BVi9icQveV3UIyj3QIMcpTvCU=

combined-stream@^1.0.6:
  version "1.0.8"
  resolved "https://npme.walmart.com/combined-stream/-/combined-stream-1.0.8.tgz#c3d45a8b34fd730631a110a8a2520682b31d5a7f"
  integrity sha512-FQN4MRfuJeHf7cBbBMJFXhKSDq+2kAArBlmRBvcvFE5BB1HZKXtSFASDhdlz9zOYwxh8lDdnvmMOe/+5cdoEdg==
  dependencies:
    delayed-stream "~1.0.0"

component-emitter@^1.2.0:
  version "1.3.0"
  resolved "https://npme.walmart.com/component-emitter/-/component-emitter-1.3.0.tgz#16e4070fba8ae29b679f2215853ee181ab2eabc0"
  integrity sha512-Rd3se6QB+sO1TwqZjscQrurpEPIfO0/yYnSin6Q/rD3mOutHvUrCAhJub3r90uNb+SESBuE0QYoB90YdfatsRg==

cookiejar@^2.0.1, cookiejar@^2.1.0:
  version "2.1.2"
  resolved "https://npme.walmart.com/cookiejar/-/cookiejar-2.1.2.tgz#dd8a235530752f988f9a0844f3fc589e3111125c"
  integrity sha512-Mw+adcfzPxcPeI+0WlvRrr/3lGVO0bD75SxX6811cxSh1Wbxx7xZBGK1eVtDf6si8rg2lhnUjsVLMFMfbRIuwA==

core-util-is@~1.0.0:
  version "1.0.2"
  resolved "https://npme.walmart.com/core-util-is/-/core-util-is-1.0.2.tgz#b5fd54220aa2bc5ab57aab7140c940754503c1a7"
  integrity sha1-tf1UIgqivFq1eqtxQMlAdUUDwac=

data-uri-to-buffer@1:
  version "1.2.0"
  resolved "https://npme.walmart.com/data-uri-to-buffer/-/data-uri-to-buffer-1.2.0.tgz#77163ea9c20d8641b4707e8f18abdf9a78f34835"
  integrity sha512-vKQ9DTQPN1FLYiiEEOQ6IBGFqvjCa5rSK3cWMy/Nespm5d/x3dGFT9UBZnkLxCwua/IXBi2TYnwTEpsOvhC4UQ==

debug@2:
  version "2.6.9"
  resolved "https://npme.walmart.com/debug/-/debug-2.6.9.tgz#5d128515df134ff327e90a4c93f4e077a536341f"
  integrity sha512-bC7ElrdJaJnPbAP+1EotYvqZsb3ecl5wi6Bfi6BJTUcNowp6cvspg0jXznRTKDjm/E7AdgFBVeAPVMNcKGsHMA==
  dependencies:
    ms "2.0.0"

debug@3.1.0:
  version "3.1.0"
  resolved "https://npme.walmart.com/debug/-/debug-3.1.0.tgz#5bb5a0672628b64149566ba16819e61518c67261"
  integrity sha512-OX8XqP7/1a9cqkxYw2yXss15f26NKWBpDXQd0/uK/KPqdQhxbPa994hnzjcE2VqQpDslf55723cKPUOGSmMY3g==
  dependencies:
    ms "2.0.0"

debug@^3.0, debug@^3.1.0:
  version "3.2.6"
  resolved "https://npme.walmart.com/debug/-/debug-3.2.6.tgz#e83d17de16d8a7efb7717edbe5fb10135eee629b"
  integrity sha512-mel+jf7nrtEl5Pn1Qx46zARXKDpBbvzezse7p7LqINmdoIk8PYP5SySaxEmYv6TZ0JyEKA1hsCId6DIhgITtWQ==
  dependencies:
    ms "^2.1.1"

deep-is@~0.1.3:
  version "0.1.3"
  resolved "https://npme.walmart.com/deep-is/-/deep-is-0.1.3.tgz#b369d6fb5dbc13eecf524f91b070feedc357cf34"
  integrity sha1-s2nW+128E+7PUk+RsHD+7cNXzzQ=

degenerator@^1.0.4:
  version "1.0.4"
  resolved "https://npme.walmart.com/degenerator/-/degenerator-1.0.4.tgz#fcf490a37ece266464d9cc431ab98c5819ced095"
  integrity sha1-/PSQo37OJmRk2cxDGrmMWBnO0JU=
  dependencies:
    ast-types "0.x.x"
    escodegen "1.x.x"
    esprima "3.x.x"

delayed-stream@~1.0.0:
  version "1.0.0"
  resolved "https://npme.walmart.com/delayed-stream/-/delayed-stream-1.0.0.tgz#df3ae199acadfb7d440aaae0b29e2272b24ec619"
  integrity sha1-3zrhmayt+31ECqrgsp4icrJOxhk=

depd@~1.1.2:
  version "1.1.2"
  resolved "https://npme.walmart.com/depd/-/depd-1.1.2.tgz#9bcd52e14c097763e749b274c4346ed2e560b5a9"
  integrity sha1-m81S4UwJd2PnSbJ0xDRu0uVgtak=

electrode-hapi-compat@^1.0.0, electrode-hapi-compat@^1.3.2:
  version "1.3.2"
  resolved "https://npme.walmart.com/electrode-hapi-compat/-/electrode-hapi-compat-1.3.2.tgz#35800e37142715cc5c9d3f666624c1abe2b00256"
  integrity sha512-EvWzSIFj1nNSbGqnJjiXt5yc6sACM42Ftu0aA+4buf3GXQgN8OnamBL3wuAetQvp5MG1cyqf7WzWWuoqbgyJ9A==

electrode-keepalive@^0.3.3:
  version "0.3.5"
  resolved "https://npme.walmart.com/electrode-keepalive/-/electrode-keepalive-0.3.5.tgz#5a8965b80a5c390e31ba6ba521e8c07cb9c8ec27"
  integrity sha1-WolluApcOQ4xumulIejAfLnI7Cc=
  dependencies:
    humanize-ms "^1.2.1"
    in-publish "^2.0.0"

es6-promise@^4.0.3:
  version "4.2.8"
  resolved "https://npme.walmart.com/es6-promise/-/es6-promise-4.2.8.tgz#4eb21594c972bc40553d276e510539143db53e0a"
  integrity sha512-HJDGx5daxeIvxdBxvG2cb9g4tEvwIk3i8+nhX0yGrYmZUzbkdg8QbDevheDB8gd0//uPj4c1EQua8Q+MViT0/w==

es6-promisify@^5.0.0:
  version "5.0.0"
  resolved "https://npme.walmart.com/es6-promisify/-/es6-promisify-5.0.0.tgz#5109d62f3e56ea967c4b63505aef08291c8a5203"
  integrity sha1-UQnWLz5W6pZ8S2NQWu8IKRyKUgM=
  dependencies:
    es6-promise "^4.0.3"

escape-regexp@0.0.1:
  version "0.0.1"
  resolved "https://npme.walmart.com/escape-regexp/-/escape-regexp-0.0.1.tgz#f44bda12d45bbdf9cb7f862ee7e4827b3dd32254"
  integrity sha1-9EvaEtRbvfnLf4Yu5+SCez3TIlQ=

escape-string-regexp@^1.0.5:
  version "1.0.5"
  resolved "https://npme.walmart.com/escape-string-regexp/-/escape-string-regexp-1.0.5.tgz#1b61c0562190a8dff6ae3bb2cf0200ca130b86d4"
  integrity sha1-G2HAViGQqN/2rjuyzwIAyhMLhtQ=

escodegen@1.x.x:
  version "1.14.1"
  resolved "https://npme.walmart.com/escodegen/-/escodegen-1.14.1.tgz#ba01d0c8278b5e95a9a45350142026659027a457"
  integrity sha512-Bmt7NcRySdIfNPfU2ZoXDrrXsG9ZjvDxcAlMfDUgRBjLOWTuIACXPBFJH7Z+cLb40JeQco5toikyc9t9P8E9SQ==
  dependencies:
    esprima "^4.0.1"
    estraverse "^4.2.0"
    esutils "^2.0.2"
    optionator "^0.8.1"
  optionalDependencies:
    source-map "~0.6.1"

esprima@3.x.x:
  version "3.1.3"
  resolved "https://npme.walmart.com/esprima/-/esprima-3.1.3.tgz#fdca51cee6133895e3c88d535ce49dbff62a4633"
  integrity sha1-/cpRzuYTOJXjyI1TXOSdv/YqRjM=

esprima@^4.0.0, esprima@^4.0.1:
  version "4.0.1"
  resolved "https://npme.walmart.com/esprima/-/esprima-4.0.1.tgz#13b04cdb3e6c5d19df91ab6987a8695619b0aa71"
  integrity sha512-eGuFFw7Upda+g4p+QHvnW0RyTX/SVeJBDM/gCtMARO0cLuT2HcEKnTPvhjV6aGeqrCB/sbNop0Kszm0jsaWU4A==

estraverse@^4.2.0:
  version "4.3.0"
  resolved "https://npme.walmart.com/estraverse/-/estraverse-4.3.0.tgz#398ad3f3c5a24948be7725e83d11a7de28cdbd1d"
  integrity sha512-39nnKffWz8xN1BU/2c79n9nB9HDzo0niYUqx6xyqUnyoAnQyyWpOTdZEeiCch8BBu515t4wp9ZmgVfVhn9EBpw==

esutils@^2.0.2:
  version "2.0.3"
  resolved "https://npme.walmart.com/esutils/-/esutils-2.0.3.tgz#74d2eb4de0b8da1293711910d50775b9b710ef64"
  integrity sha512-kVscqXk4OCp68SZ0dkgEKVi6/8ij300KBWTJq32P/dYeWTSwK41WyTxalN1eRmA5Z9UU/LX9D7FWSmV9SAYx6g==

extend@^3.0.0, extend@~3.0.2:
  version "3.0.2"
  resolved "https://npme.walmart.com/extend/-/extend-3.0.2.tgz#f8b1136b4071fbd8eb140aff858b1019ec2915fa"
  integrity sha512-fjquC59cD7CyW6urNXK0FBufkZcoiGG80wTuPujX590cB5Ttln20E2UB4S/WARVqhXffZl2LNgS+gQdPIIim/g==

fast-levenshtein@~2.0.6:
  version "2.0.6"
  resolved "https://npme.walmart.com/fast-levenshtein/-/fast-levenshtein-2.0.6.tgz#3d8a5c66883a16a30ca8643e851f19baa7797917"
  integrity sha1-PYpcZog6FqMMqGQ+hR8Zuqd5eRc=

file-uri-to-path@1:
  version "1.0.0"
  resolved "https://npme.walmart.com/file-uri-to-path/-/file-uri-to-path-1.0.0.tgz#553a7b8446ff6f684359c445f1e37a05dacc33dd"
  integrity sha512-0Zt+s3L7Vf1biwWZ29aARiVYLx7iMGnEUl9x33fbB/j3jR81u/O2LbqK+Bm1CDSNDKVtJ/YjwY7TUd5SkeLQLw==

form-data@^2.3.1:
  version "2.5.1"
  resolved "https://npme.walmart.com/form-data/-/form-data-2.5.1.tgz#f2cbec57b5e59e23716e128fe44d4e5dd23895f4"
  integrity sha512-m21N3WOmEEURgk6B9GLOE4RuWOFf28Lhh9qGYeNlGq4VDXUlJy2th2slBNU8Gp8EzloYZOibZJ7t5ecIrFSjVA==
  dependencies:
    asynckit "^0.4.0"
    combined-stream "^1.0.6"
    mime-types "^2.1.12"

formidable@^1.2.0:
  version "1.2.2"
  resolved "https://npme.walmart.com/formidable/-/formidable-1.2.2.tgz#bf69aea2972982675f00865342b982986f6b8dd9"
  integrity sha512-V8gLm+41I/8kguQ4/o1D3RIHRmhYFG4pnNyonvua+40rqcEmT4+V71yaZ3B457xbbgCsCfjSPi65u/W6vK1U5Q==

ftp@~0.3.10:
  version "0.3.10"
  resolved "https://npme.walmart.com/ftp/-/ftp-0.3.10.tgz#9197d861ad8142f3e63d5a83bfe4c59f7330885d"
  integrity sha1-kZfYYa2BQvPmPVqDv+TFn3MwiF0=
  dependencies:
    readable-stream "1.1.x"
    xregexp "2.0.0"

get-uri@^2.0.0:
  version "2.0.4"
  resolved "https://npme.walmart.com/get-uri/-/get-uri-2.0.4.tgz#d4937ab819e218d4cb5ae18e4f5962bef169cc6a"
  integrity sha512-v7LT/s8kVjs+Tx0ykk1I+H/rbpzkHvuIq87LmeXptcf5sNWm9uQiwjNAt94SJPA1zOlCntmnOlJvVWKmzsxG8Q==
  dependencies:
    data-uri-to-buffer "1"
    debug "2"
    extend "~3.0.2"
    file-uri-to-path "1"
    ftp "~0.3.10"
    readable-stream "2"

has-flag@^3.0.0:
  version "3.0.0"
  resolved "https://npme.walmart.com/has-flag/-/has-flag-3.0.0.tgz#b5d454dc2199ae225699f3467e5a07f3b955bafd"
  integrity sha1-tdRU3CGZriJWmfNGfloH87lVuv0=

http-errors@1.7.3:
  version "1.7.3"
  resolved "https://npme.walmart.com/http-errors/-/http-errors-1.7.3.tgz#6c619e4f9c60308c38519498c14fbb10aacebb06"
  integrity sha512-ZTTX0MWrsQ2ZAhA1cejAwDLycFsd7I7nVtnkT3Ol0aqodaKW+0CTZDQ1uBv5whptCnc8e8HeRRJxRs0kmm/Qfw==
  dependencies:
    depd "~1.1.2"
    inherits "2.0.4"
    setprototypeof "1.1.1"
    statuses ">= 1.5.0 < 2"
    toidentifier "1.0.0"

http-proxy-agent@^2.1.0:
  version "2.1.0"
  resolved "https://npme.walmart.com/http-proxy-agent/-/http-proxy-agent-2.1.0.tgz#e4821beef5b2142a2026bd73926fe537631c5405"
  integrity sha512-qwHbBLV7WviBl0rQsOzH6o5lwyOIvwp/BdFnvVxXORldu5TmjFfjzBcWUWS5kWAZhmv+JtiDhSuQCp4sBfbIgg==
  dependencies:
    agent-base "4"
    debug "3.1.0"

https-proxy-agent@^2.2.1:
  version "2.2.4"
  resolved "https://npme.walmart.com/https-proxy-agent/-/https-proxy-agent-2.2.4.tgz#4ee7a737abd92678a293d9b34a1af4d0d08c787b"
  integrity sha512-OmvfoQ53WLjtA9HeYP9RNrWMJzzAz1JGaSFr1nijg0PVR1JaD/xbJq1mdEIIlxGpXp9eSe/O2LgU9DJmTPd0Eg==
  dependencies:
    agent-base "^4.3.0"
    debug "^3.1.0"

humanize-ms@^1.2.1:
  version "1.2.1"
  resolved "https://npme.walmart.com/humanize-ms/-/humanize-ms-1.2.1.tgz#c46e3159a293f6b896da29316d8b6fe8bb79bbed"
  integrity sha1-xG4xWaKT9riW2ikxbYtv6Lt5u+0=
  dependencies:
    ms "^2.0.0"

iconv-lite@0.4.24:
  version "0.4.24"
  resolved "https://npme.walmart.com/iconv-lite/-/iconv-lite-0.4.24.tgz#2022b4b25fbddc21d2f524974a474aafe733908b"
  integrity sha512-v3MXnZAcvnywkTUEZomIActle7RXXeedOR31wwl7VlyoXO4Qi9arvSenNQWne1TcRwhCL1HwLI21bEqdpj8/rA==
  dependencies:
    safer-buffer ">= 2.1.2 < 3"

in-publish@^2.0.0:
  version "2.0.1"
  resolved "https://npme.walmart.com/in-publish/-/in-publish-2.0.1.tgz#948b1a535c8030561cea522f73f78f4be357e00c"
  integrity sha512-oDM0kUSNFC31ShNxHKUyfZKy8ZeXZBWMjMdZHKLOk13uvT27VTL/QzRGfRUcevJhpkZAvlhPYuXkF7eNWrtyxQ==

inherits@2.0.4, inherits@~2.0.1, inherits@~2.0.3:
  version "2.0.4"
  resolved "https://npme.walmart.com/inherits/-/inherits-2.0.4.tgz#0fa2c64f932917c3433a0ded55363aae37416b7c"
  integrity sha512-k/vGaX4/Yla3WzyMCvTQOXYeIHvqOKtnqBduzTHpzpQZzAskKMhZ2K+EnBiSM9zGSoIFeMpXKxa4dYeZIQqewQ==

ip@^1.1.4, ip@^1.1.5:
  version "1.1.5"
  resolved "https://npme.walmart.com/ip/-/ip-1.1.5.tgz#bdded70114290828c0a039e72ef25f5aaec4354a"
  integrity sha1-vd7XARQpCCjAoDnnLvJfWq7ENUo=

is-docker@^2.0.0:
  version "2.0.0"
  resolved "https://npme.walmart.com/is-docker/-/is-docker-2.0.0.tgz#2cb0df0e75e2d064fe1864c37cdeacb7b2dcf25b"
  integrity sha512-pJEdRugimx4fBMra5z2/5iRdZ63OhYV0vr0Dwm5+xtW4D1FvRkB8hamMIhnWfyJeDdyr/aa7BDyNbtG38VxgoQ==

isarray@0.0.1:
  version "0.0.1"
  resolved "https://npme.walmart.com/isarray/-/isarray-0.0.1.tgz#8a18acfca9a8f4177e09abfc6038939b05d1eedf"
  integrity sha1-ihis/Kmo9Bd+Cav8YDiTmwXR7t8=

isarray@~1.0.0:
  version "1.0.0"
  resolved "https://npme.walmart.com/isarray/-/isarray-1.0.0.tgz#bb935d48582cba168c06834957a54a3e07124f11"
  integrity sha1-u5NdSFgsuhaMBoNJV6VKPgcSTxE=

js-yaml@^3.3.0, js-yaml@^3.4.6:
  version "3.13.1"
  resolved "https://npme.walmart.com/js-yaml/-/js-yaml-3.13.1.tgz#aff151b30bfdfa8e49e05da22e7415e9dfa37847"
  integrity sha512-YfbcO7jXDdyj0DGxYVSlSeQNHbD7XPWvrVWeVUujrQEoZzWJIRrCPoyk6kL6IAjAG2IolMK4T0hNUe0HOUs5Jw==
  dependencies:
    argparse "^1.0.7"
    esprima "^4.0.0"

levn@~0.3.0:
  version "0.3.0"
  resolved "https://npme.walmart.com/levn/-/levn-0.3.0.tgz#3b09924edf9f083c0490fdd4c0bc4421e04764ee"
  integrity sha1-OwmSTt+fCDwEkP3UwLxEIeBHZO4=
  dependencies:
    prelude-ls "~1.1.2"
    type-check "~0.3.2"

lodash-compat@^3.5.0:
  version "3.10.2"
  resolved "https://npme.walmart.com/lodash-compat/-/lodash-compat-3.10.2.tgz#c6940128a9d30f8e902cd2cf99fd0cba4ecfc183"
  integrity sha1-xpQBKKnTD46QLNLPmf0Muk7PwYM=

lodash@^4.0.0, lodash@^4.13.1:
  version "4.17.15"
  resolved "https://npme.walmart.com/lodash/-/lodash-4.17.15.tgz#b447f6670a0455bbfeedd11392eff330ea097548"
  integrity sha512-8xOcRHvCjnocdS5cpwXQXVzmmh5e5+saE2QGoeQmbKmRS6J3VQppPOIt0MnmE+4xlZoumy0GPG0D0MVIQbNA1A==

lru-cache@^4.1.2:
  version "4.1.5"
  resolved "https://npme.walmart.com/lru-cache/-/lru-cache-4.1.5.tgz#8bbe50ea85bed59bc9e33dcab8235ee9bcf443cd"
  integrity sha512-sWZlbEP2OsHNkXrMl5GYk/jKk70MBng6UU4YI/qGDYbgf6YbP4EvmqISbXCoJiRKs+1bSpFHVgQxvJ17F2li5g==
  dependencies:
    pseudomap "^1.0.2"
    yallist "^2.1.2"

methods@^1.1.1:
  version "1.1.2"
  resolved "https://npme.walmart.com/methods/-/methods-1.1.2.tgz#5529a4d67654134edcc5266656835b0f851afcee"
  integrity sha1-VSmk1nZUE07cxSZmVoNbD4Ua/O4=

mime-db@1.43.0:
  version "1.43.0"
  resolved "https://npme.walmart.com/mime-db/-/mime-db-1.43.0.tgz#0a12e0502650e473d735535050e7c8f4eb4fae58"
  integrity sha512-+5dsGEEovYbT8UY9yD7eE4XTc4UwJ1jBYlgaQQF38ENsKR3wj/8q8RFZrF9WIZpB2V1ArTVFUva8sAul1NzRzQ==

mime-types@^2.1.12:
  version "2.1.26"
  resolved "https://npme.walmart.com/mime-types/-/mime-types-2.1.26.tgz#9c921fc09b7e149a65dfdc0da4d20997200b0a06"
  integrity sha512-01paPWYgLrkqAyrlDorC1uDwl2p3qZT7yl806vW7DvDoxwXi46jsjFbg+WdwotBIk6/MbEhO/dh5aZ5sNj/dWQ==
  dependencies:
    mime-db "1.43.0"

mime@^1.4.1:
  version "1.6.0"
  resolved "https://npme.walmart.com/mime/-/mime-1.6.0.tgz#32cd9e5c64553bd58d19a568af452acff04981b1"
  integrity sha512-x0Vn8spI+wuJ1O6S7gnbaQg8Pxh4NNHb7KSINmEWKiPE4RKOplvijn+NkmYmmRgP68mc70j2EbeTFRsrswaQeg==

ms@2.0.0:
  version "2.0.0"
  resolved "https://npme.walmart.com/ms/-/ms-2.0.0.tgz#5608aeadfc00be6c2901df5f9861788de0d597c8"
  integrity sha1-VgiurfwAvmwpAd9fmGF4jeDVl8g=

ms@^2.0.0, ms@^2.1.1:
  version "2.1.2"
  resolved "https://npme.walmart.com/ms/-/ms-2.1.2.tgz#d09d1f357b443f493382a8eb3ccd183872ae6009"
  integrity sha512-sGkPx+VjMtmA6MX27oA4FBFELFCZZ4S4XqeGOXCv68tT+jb3vk/RyaKWP0PTKyWtmLSM0b+adUTEvbs1PEaH2w==

netmask@^1.0.6:
  version "1.0.6"
  resolved "https://npme.walmart.com/netmask/-/netmask-1.0.6.tgz#20297e89d86f6f6400f250d9f4f6b4c1945fcd35"
  integrity sha1-ICl+idhvb2QA8lDZ9Pa0wZRfzTU=

node-fetch@^2.6.0:
  version "2.6.0"
  resolved "https://npme.walmart.com/node-fetch/-/node-fetch-2.6.0.tgz#e633456386d4aa55863f676a7ab0daa8fdecb0fd"
  integrity sha512-8dG4H5ujfvFiqDmVu9fQ5bOHUC15JMjMY/Zumv26oOvvVJjM67KF8koCWIabKQ1GJIa9r2mMZscBq/TbdOcmNA==

optional-require@^1.0.0:
  version "1.0.0"
  resolved "https://npme.walmart.com/optional-require/-/optional-require-1.0.0.tgz#168d3619843acc0fbcd6d6cc5da4cbe538663af2"
  integrity sha1-Fo02GYQ6zA+81tbMXaTL5ThmOvI=

optionator@^0.8.1:
  version "0.8.3"
  resolved "https://npme.walmart.com/optionator/-/optionator-0.8.3.tgz#84fa1d036fe9d3c7e21d99884b601167ec8fb495"
  integrity sha512-+IW9pACdk3XWmmTXG8m3upGUJst5XRGzxMRjXzAuJ1XnIFNvfhjjIuYkDvysnPQ7qzqVzLt78BCruntqRhWQbA==
  dependencies:
    deep-is "~0.1.3"
    fast-levenshtein "~2.0.6"
    levn "~0.3.0"
    prelude-ls "~1.1.2"
    type-check "~0.3.2"
    word-wrap "~1.2.3"

pac-proxy-agent@^2.0.1:
  version "2.0.2"
  resolved "https://npme.walmart.com/pac-proxy-agent/-/pac-proxy-agent-2.0.2.tgz#90d9f6730ab0f4d2607dcdcd4d3d641aa26c3896"
  integrity sha512-cDNAN1Ehjbf5EHkNY5qnRhGPUCp6SnpyVof5fRzN800QV1Y2OkzbH9rmjZkbBRa8igof903yOnjIl6z0SlAhxA==
  dependencies:
    agent-base "^4.2.0"
    debug "^3.1.0"
    get-uri "^2.0.0"
    http-proxy-agent "^2.1.0"
    https-proxy-agent "^2.2.1"
    pac-resolver "^3.0.0"
    raw-body "^2.2.0"
    socks-proxy-agent "^3.0.0"

pac-resolver@^3.0.0:
  version "3.0.0"
  resolved "https://npme.walmart.com/pac-resolver/-/pac-resolver-3.0.0.tgz#6aea30787db0a891704deb7800a722a7615a6f26"
  integrity sha512-tcc38bsjuE3XZ5+4vP96OfhOugrX+JcnpUbhfuc4LuXBLQhoTthOstZeoQJBDnQUDYzYmdImKsbz0xSl1/9qeA==
  dependencies:
    co "^4.6.0"
    degenerator "^1.0.4"
    ip "^1.1.5"
    netmask "^1.0.6"
    thunkify "^2.1.2"

pm2-axon@^3.3.0:
  version "3.3.0"
  resolved "https://npme.walmart.com/pm2-axon/-/pm2-axon-3.3.0.tgz#a9badfdb8e083fbd5d7d24317b4a21eb708f0735"
  integrity sha512-dAFlFYRuFbFjX7oAk41zT+dx86EuaFX/TgOp5QpUKRKwxb946IM6ydnoH5sSTkdI2pHSVZ+3Am8n/l0ocr7jdQ==
  dependencies:
    amp "~0.3.1"
    amp-message "~0.1.1"
    debug "^3.0"
    escape-regexp "0.0.1"

prelude-ls@~1.1.2:
  version "1.1.2"
  resolved "https://npme.walmart.com/prelude-ls/-/prelude-ls-1.1.2.tgz#21932a549f5e52ffd9a827f570e04be62a97da54"
  integrity sha1-IZMqVJ9eUv/ZqCf1cOBL5iqX2lQ=

process-nextick-args@~2.0.0:
  version "2.0.1"
  resolved "https://npme.walmart.com/process-nextick-args/-/process-nextick-args-2.0.1.tgz#7820d9b16120cc55ca9ae7792680ae7dba6d7fe2"
  integrity sha512-3ouUOpQhtgrbOa17J7+uxOTpITYWaGP7/AhoR3+A+/1e9skrzelGi/dXzEYyvbxubEF6Wn2ypscTKiKJFFn1ag==

proxy-agent@2:
  version "2.3.1"
  resolved "https://npme.walmart.com/proxy-agent/-/proxy-agent-2.3.1.tgz#3d49d863d46cf5f37ca8394848346ea02373eac6"
  integrity sha512-CNKuhC1jVtm8KJYFTS2ZRO71VCBx3QSA92So/e6NrY6GoJonkx3Irnk4047EsCcswczwqAekRj3s8qLRGahSKg==
  dependencies:
    agent-base "^4.2.0"
    debug "^3.1.0"
    http-proxy-agent "^2.1.0"
    https-proxy-agent "^2.2.1"
    lru-cache "^4.1.2"
    pac-proxy-agent "^2.0.1"
    proxy-from-env "^1.0.0"
    socks-proxy-agent "^3.0.0"

proxy-from-env@^1.0.0:
  version "1.1.0"
  resolved "https://npme.walmart.com/proxy-from-env/-/proxy-from-env-1.1.0.tgz#e102f16ca355424865755d2c9e8ea4f24d58c3e2"
  integrity sha512-D+zkORCbA9f1tdWRK0RaCR3GPv50cMxcrz4X8k5LTSUD1Dkw47mKJEZQNunItRTkWwgtaUSo1RVFRIG9ZXiFYg==

pseudomap@^1.0.2:
  version "1.0.2"
  resolved "https://npme.walmart.com/pseudomap/-/pseudomap-1.0.2.tgz#f052a28da70e618917ef0a8ac34c1ae5a68286b3"
  integrity sha1-8FKijacOYYkX7wqKw0wa5aaChrM=

qs@^6.5.1:
  version "6.9.3"
  resolved "https://npme.walmart.com/qs/-/qs-6.9.3.tgz#bfadcd296c2d549f1dffa560619132c977f5008e"
  integrity sha512-EbZYNarm6138UKKq46tdx08Yo/q9ZhFoAXAI1meAFd2GtbRDhbZY2WQSICskT0c5q99aFzLG1D4nvTk9tqfXIw==

raw-body@^2.2.0:
  version "2.4.1"
  resolved "https://npme.walmart.com/raw-body/-/raw-body-2.4.1.tgz#30ac82f98bb5ae8c152e67149dac8d55153b168c"
  integrity sha512-9WmIKF6mkvA0SLmA2Knm9+qj89e+j1zqgyn8aXGd7+nAduPoqgI9lO57SAZNn/Byzo5P7JhXTyg9PzaJbH73bA==
  dependencies:
    bytes "3.1.0"
    http-errors "1.7.3"
    iconv-lite "0.4.24"
    unpipe "1.0.0"

readable-stream@1.1.x:
  version "1.1.14"
  resolved "https://npme.walmart.com/readable-stream/-/readable-stream-1.1.14.tgz#7cf4c54ef648e3813084c636dd2079e166c081d9"
  integrity sha1-fPTFTvZI44EwhMY23SB54WbAgdk=
  dependencies:
    core-util-is "~1.0.0"
    inherits "~2.0.1"
    isarray "0.0.1"
    string_decoder "~0.10.x"

readable-stream@2, readable-stream@^2.3.5:
  version "2.3.7"
  resolved "https://npme.walmart.com/readable-stream/-/readable-stream-2.3.7.tgz#1eca1cf711aef814c04f62252a36a62f6cb23b57"
  integrity sha512-Ebho8K4jIbHAxnuxi7o42OrZgF/ZTNcsZj6nRKyUmkhLFq8CHItp/fy6hQZuZmP/n3yZ9VBUbp4zz/mX8hmYPw==
  dependencies:
    core-util-is "~1.0.0"
    inherits "~2.0.3"
    isarray "~1.0.0"
    process-nextick-args "~2.0.0"
    safe-buffer "~5.1.1"
    string_decoder "~1.1.1"
    util-deprecate "~1.0.1"

safe-buffer@~5.1.0, safe-buffer@~5.1.1:
  version "5.1.2"
  resolved "https://npme.walmart.com/safe-buffer/-/safe-buffer-5.1.2.tgz#991ec69d296e0313747d59bdfd2b745c35f8828d"
  integrity sha512-Gd2UZBJDkXlY7GbJxfsE8/nvKkUEU1G38c1siN6QP6a9PT9MmHB8GnpscSmMJSoF8LOIrt8ud/wPtojys4G6+g==

"safer-buffer@>= 2.1.2 < 3":
  version "2.1.2"
  resolved "https://npme.walmart.com/safer-buffer/-/safer-buffer-2.1.2.tgz#44fa161b0187b9549dd84bb91802f9bd8385cd6a"
  integrity sha512-YZo3K82SD7Riyi0E1EQPojLz7kpepnSQI9IyPbHHg1XXXevb5dJI7tpyN2ADxGcQbHG7vcyRHk0cbwqcQriUtg==

setprototypeof@1.1.1:
  version "1.1.1"
  resolved "https://npme.walmart.com/setprototypeof/-/setprototypeof-1.1.1.tgz#7e95acb24aa92f5885e0abef5ba131330d4ae683"
  integrity sha512-JvdAWfbXeIGaZ9cILp38HntZSFSo3mWg6xGcJJsd+d4aRMOqauag1C63dJfDw7OaMYwEbHMOxEZ1lqVRYP2OAw==

smart-buffer@^1.0.13:
  version "1.1.15"
  resolved "https://npme.walmart.com/smart-buffer/-/smart-buffer-1.1.15.tgz#7f114b5b65fab3e2a35aa775bb12f0d1c649bf16"
  integrity sha1-fxFLW2X6s+KjWqd1uxLw0cZJvxY=

socks-proxy-agent@^3.0.0:
  version "3.0.1"
  resolved "https://npme.walmart.com/socks-proxy-agent/-/socks-proxy-agent-3.0.1.tgz#2eae7cf8e2a82d34565761539a7f9718c5617659"
  integrity sha512-ZwEDymm204mTzvdqyUqOdovVr2YRd2NYskrYrF2LXyZ9qDiMAoFESGK8CRphiO7rtbo2Y757k2Nia3x2hGtalA==
  dependencies:
    agent-base "^4.1.0"
    socks "^1.1.10"

socks@^1.1.10:
  version "1.1.10"
  resolved "https://npme.walmart.com/socks/-/socks-1.1.10.tgz#5b8b7fc7c8f341c53ed056e929b7bf4de8ba7b5a"
  integrity sha1-W4t/x8jzQcU+0FbpKbe/Tei6e1o=
  dependencies:
    ip "^1.1.4"
    smart-buffer "^1.0.13"

source-map@~0.6.1:
  version "0.6.1"
  resolved "https://npme.walmart.com/source-map/-/source-map-0.6.1.tgz#74722af32e9614e9c287a8d0bbde48b5e2f1a263"
  integrity sha512-UjgapumWlbMhkBgzT7Ykc5YXUT46F0iKu8SGXq0bcwP5dz/h0Plj6enJqjz1Zbq2l5WaqYnrVbwWOWMyF3F47g==

sprintf-js@~1.0.2:
  version "1.0.3"
  resolved "https://npme.walmart.com/sprintf-js/-/sprintf-js-1.0.3.tgz#04e6926f662895354f3dd015203633b857297e2c"
  integrity sha1-BOaSb2YolTVPPdAVIDYzuFcpfiw=

"statuses@>= 1.5.0 < 2":
  version "1.5.0"
  resolved "https://npme.walmart.com/statuses/-/statuses-1.5.0.tgz#161c7dac177659fd9811f43771fa99381478628c"
  integrity sha1-Fhx9rBd2Wf2YEfQ3cfqZOBR4Yow=

string_decoder@~0.10.x:
  version "0.10.31"
  resolved "https://npme.walmart.com/string_decoder/-/string_decoder-0.10.31.tgz#62e203bc41766c6c28c9fc84301dab1c5310fa94"
  integrity sha1-YuIDvEF2bGwoyfyEMB2rHFMQ+pQ=

string_decoder@~1.1.1:
  version "1.1.1"
  resolved "https://npme.walmart.com/string_decoder/-/string_decoder-1.1.1.tgz#9cf1611ba62685d7030ae9e4ba34149c3af03fc8"
  integrity sha512-n/ShnvDi6FHbbVfviro+WojiFzv+s8MPMHBczVePfUpDJLwoLT0ht1l4YwBCbi8pJAveEEdnkHyPyTP/mzRfwg==
  dependencies:
    safe-buffer "~5.1.0"

superagent-proxy@^1.0.2:
  version "1.0.3"
  resolved "https://npme.walmart.com/superagent-proxy/-/superagent-proxy-1.0.3.tgz#acfa776672f11c24a90ad575e855def8be44f741"
  integrity sha512-79Ujg1lRL2ICfuHUdX+H2MjIw73kB7bXsIkxLwHURz3j0XUmEEEoJ+u/wq+mKwna21Uejsm2cGR3OESA00TIjA==
  dependencies:
    debug "^3.1.0"
    proxy-agent "2"

superagent@^3.3.2:
  version "3.8.3"
  resolved "https://npme.walmart.com/superagent/-/superagent-3.8.3.tgz#460ea0dbdb7d5b11bc4f78deba565f86a178e128"
  integrity sha512-GLQtLMCoEIK4eDv6OGtkOoSMt3D+oq0y3dsxMuYuDvaNUvuT8eFBuLmfR0iYYzHC1e8hpzC6ZsxbuP6DIalMFA==
  dependencies:
    component-emitter "^1.2.0"
    cookiejar "^2.1.0"
    debug "^3.1.0"
    extend "^3.0.0"
    form-data "^2.3.1"
    formidable "^1.2.0"
    methods "^1.1.1"
    mime "^1.4.1"
    qs "^6.5.1"
    readable-stream "^2.3.5"

supports-color@^5.3.0:
  version "5.5.0"
  resolved "https://npme.walmart.com/supports-color/-/supports-color-5.5.0.tgz#e2e69a44ac8772f78a1ec0b35b689df6530efc8f"
  integrity sha512-QjVjwdXIt408MIiAqCX4oUKsgU2EqAGzs2Ppkm4aQYbjm+ZEWEcW4SfFNTr4uMNZma0ey4f5lgLrkB0aX0QMow==
  dependencies:
    has-flag "^3.0.0"

swagger-model-validator@2.2.1:
  version "2.2.1"
  resolved "https://npme.walmart.com/swagger-model-validator/-/swagger-model-validator-2.2.1.tgz#c081b03ebdcf895c42c92cf15e74e7590729392d"
  integrity sha1-wIGwPr3PiVxCySzxXnTnWQcpOS0=

thunkify@^2.1.2:
  version "2.1.2"
  resolved "https://npme.walmart.com/thunkify/-/thunkify-2.1.2.tgz#faa0e9d230c51acc95ca13a361ac05ca7e04553d"
  integrity sha1-+qDp0jDFGsyVyhOjYawFyn4EVT0=

toidentifier@1.0.0:
  version "1.0.0"
  resolved "https://npme.walmart.com/toidentifier/-/toidentifier-1.0.0.tgz#7e1be3470f1e77948bc43d94a3c8f4d7752ba553"
  integrity sha512-yaOH/Pk/VEhBWWTlhI+qXxDFXlejDGcQipMlyxda9nthulaxLZUNcUqFxokp0vcYnvteJln5FNQDRrxj3YcbVw==

type-check@~0.3.2:
  version "0.3.2"
  resolved "https://npme.walmart.com/type-check/-/type-check-0.3.2.tgz#5884cab512cf1d355e3fb784f30804b2b520db72"
  integrity sha1-WITKtRLPHTVeP7eE8wgEsrUg23I=
  dependencies:
    prelude-ls "~1.1.2"

unpipe@1.0.0:
  version "1.0.0"
  resolved "https://npme.walmart.com/unpipe/-/unpipe-1.0.0.tgz#b2bf4ee8514aae6165b4817829d21b2ef49904ec"
  integrity sha1-sr9O6FFKrmFltIF4KdIbLvSZBOw=

util-deprecate@~1.0.1:
  version "1.0.2"
  resolved "https://npme.walmart.com/util-deprecate/-/util-deprecate-1.0.2.tgz#450d4dc9fa70de732762fbd2d4a28981419a0ccf"
  integrity sha1-RQ1Nyfpw3nMnYvvS1KKJgUGaDM8=

uuid@^2.0.1:
  version "2.0.3"
  resolved "https://npme.walmart.com/uuid/-/uuid-2.0.3.tgz#67e2e863797215530dff318e5bf9dcebfd47b21a"
  integrity sha1-Z+LoY3lyFVMN/zGOW/nc6/1Hsho=

whatwg-fetch@^0.11.1:
  version "0.11.1"
  resolved "https://npme.walmart.com/whatwg-fetch/-/whatwg-fetch-0.11.1.tgz#6d3ded245fdd97cd728e0e2587b54b733949e663"
  integrity sha1-bT3tJF/dl81yjg4lh7VLczlJ5mM=

word-wrap@~1.2.3:
  version "1.2.3"
  resolved "https://npme.walmart.com/word-wrap/-/word-wrap-1.2.3.tgz#610636f6b1f703891bd34771ccb17fb93b47079c"
  integrity sha512-Hz/mrNwitNRh/HUAtM/VT/5VH+ygD6DV7mYKZAtHOrbs8U7lvPS6xf7EJKMF0uW1KJCl0H701g3ZGus+muE5vQ==

xregexp@2.0.0:
  version "2.0.0"
  resolved "https://npme.walmart.com/xregexp/-/xregexp-2.0.0.tgz#52a63e56ca0b84a7f3a5f3d61872f126ad7a5943"
  integrity sha1-UqY+VsoLhKfzpfPWGHLxJq16WUM=

yallist@^2.1.2:
  version "2.1.2"
  resolved "https://npme.walmart.com/yallist/-/yallist-2.1.2.tgz#1c11f9218f076089a47dd512f93c6699a6a81d52"
  integrity sha1-HBH5IY8HYImkfdUS+TxmmaaoHVI=
